
Microsoft Visual Studio Solution File, Format Version 12.00
# Visual Studio 15
VisualStudioVersion = 15.0.28307.168
MinimumVisualStudioVersion = 10.0.40219.1
Project("{FAE04EC0-301F-11D3-BF4B-00C04F79EFBC}") = "MathLib", "MathLib.csproj", "{BCFBFF5B-04BA-4DFA-B731-429CFA35D940}"
EndProject
Project("{FAE04EC0-301F-11D3-BF4B-00C04F79EFBC}") = "IOLib", "IOLib\IOLib.csproj", "{0AEA4BD6-09F6-4BCF-B2A4-8511C0F56178}"
EndProject
Global
	GlobalSection(SolutionConfigurationPlatforms) = preSolution
		Debug|Any CPU = Debug|Any CPU
		Release|Any CPU = Release|Any CPU
	EndGlobalSection
	GlobalSection(ProjectConfigurationPlatforms) = postSolution
		{BCFBFF5B-04BA-4DFA-B731-429CFA35D940}.Debug|Any CPU.ActiveCfg = Debug|Any CPU
		{BCFBFF5B-04BA-4DFA-B731-429CFA35D940}.Debug|Any CPU.Build.0 = Debug|Any CPU
		{BCFBFF5B-04BA-4DFA-B731-429CFA35D940}.Release|Any CPU.ActiveCfg = Release|Any CPU
		{BCFBFF5B-04BA-4DFA-B731-429CFA35D940}.Release|Any CPU.Build.0 = Release|Any CPU
		{0AEA4BD6-09F6-4BCF-B2A4-8511C0F56178}.Debug|Any CPU.ActiveCfg = Debug|Any CPU
		{0AEA4BD6-09F6-4BCF-B2A4-8511C0F56178}.Debug|Any CPU.Build.0 = Debug|Any CPU
		{0AEA4BD6-09F6-4BCF-B2A4-8511C0F56178}.Release|Any CPU.ActiveCfg = Release|Any CPU
		{0AEA4BD6-09F6-4BCF-B2A4-8511C0F56178}.Release|Any CPU.Build.0 = Release|Any CPU
	EndGlobalSection
	GlobalSection(SolutionProperties) = preSolution
		HideSolutionNode = FALSE
	EndGlobalSection
	GlobalSection(ExtensibilityGlobals) = postSolution
		SolutionGuid = {89DC79B0-B2E5-42AC-9B75-51F99DEC756C}
	EndGlobalSection
EndGlobal
